
Microsoft Visual Studio Solution File, Format Version 12.00
# Visual Studio 15
VisualStudioVersion = 15.0.28010.2048
MinimumVisualStudioVersion = 10.0.40219.1
Project("{FAE04EC0-301F-11D3-BF4B-00C04F79EFBC}") = "testeFirebase", "testeFirebase\testeFirebase.csproj", "{0787F191-0F78-4A79-ADAF-65B381EC4CD6}"
EndProject
Global
	GlobalSection(SolutionConfigurationPlatforms) = preSolution
		Debug|Any CPU = Debug|Any CPU
		Release|Any CPU = Release|Any CPU
	EndGlobalSection
	GlobalSection(ProjectConfigurationPlatforms) = postSolution
		{0787F191-0F78-4A79-ADAF-65B381EC4CD6}.Debug|Any CPU.ActiveCfg = Debug|Any CPU
		{0787F191-0F78-4A79-ADAF-65B381EC4CD6}.Debug|Any CPU.Build.0 = Debug|Any CPU
		{0787F191-0F78-4A79-ADAF-65B381EC4CD6}.Release|Any CPU.ActiveCfg = Release|Any CPU
		{0787F191-0F78-4A79-ADAF-65B381EC4CD6}.Release|Any CPU.Build.0 = Release|Any CPU
	EndGlobalSection
	GlobalSection(SolutionProperties) = preSolution
		HideSolutionNode = FALSE
	EndGlobalSection
	GlobalSection(ExtensibilityGlobals) = postSolution
		SolutionGuid = {E780806B-BE54-4CA1-AE7E-9C1E97DADF54}
	EndGlobalSection
EndGlobal
